{
  "version": 2,
  "updatedAt": "2026-01-19T14:42:24.910Z",
  "driver": "mysql",
  "schemas": {
    "Branch": {
      "name": "Branch",
      "kind": "object",
      "hash": "c7dd2f70f6d9d65fa75c9dbca5831597cfcdf23691cbd60ae62cae545cf6ebb7",
      "relativePath": "Branch.yaml",
      "modifiedAt": "2026-01-19T14:42:23.781Z",
      "properties": {
        "console_branch_id": {
          "type": "Uuid",
          "unique": true
        },
        "console_org_id": {
          "type": "Uuid"
        },
        "code": {
          "type": "String",
          "length": 20
        },
        "name": {
          "type": "String",
          "length": 100
        }
      },
      "idType": "Uuid",
      "timestamps": true,
      "softDelete": true,
      "indexes": [
        {
          "columns": [
            "console_org_id"
          ],
          "unique": false
        },
        {
          "columns": [
            "console_org_id",
            "code"
          ],
          "unique": true
        }
      ]
    },
    "Permission": {
      "name": "Permission",
      "kind": "object",
      "hash": "2a2c4bf6d98122f87cf1a0ef1ff352bcab6958ee085fdfc96aeff68bfb80bda9",
      "relativePath": "Permission.yaml",
      "modifiedAt": "2026-01-19T14:42:23.782Z",
      "properties": {
        "name": {
          "type": "String",
          "unique": true,
          "length": 100
        },
        "slug": {
          "type": "String",
          "unique": true,
          "length": 100
        },
        "group": {
          "type": "String",
          "nullable": true,
          "length": 50
        },
        "roles": {
          "type": "Association",
          "relation": "ManyToMany",
          "target": "Role",
          "joinTable": "role_permissions"
        }
      },
      "idType": "Uuid",
      "timestamps": true
    },
    "Role": {
      "name": "Role",
      "kind": "object",
      "hash": "7e4828017d3ec814a5515b133eb26a432fed2e17686923d15bc14207060f50f9",
      "relativePath": "Role.yaml",
      "modifiedAt": "2026-01-19T14:42:23.781Z",
      "properties": {
        "name": {
          "type": "String",
          "unique": true,
          "length": 100
        },
        "slug": {
          "type": "String",
          "unique": true,
          "length": 100
        },
        "description": {
          "type": "Text",
          "nullable": true
        },
        "level": {
          "type": "Int",
          "default": 0
        },
        "permissions": {
          "type": "Association",
          "relation": "ManyToMany",
          "target": "Permission",
          "joinTable": "role_permissions"
        }
      },
      "idType": "Uuid",
      "timestamps": true
    },
    "RolePermission": {
      "name": "RolePermission",
      "kind": "object",
      "hash": "9575276e82a912785c0668eb4f32b185624fcee0f1a45b317ba04952a27e33fb",
      "relativePath": "RolePermission.yaml",
      "modifiedAt": "2026-01-19T14:42:23.782Z",
      "properties": {
        "role": {
          "type": "Association",
          "relation": "ManyToOne",
          "target": "Role"
        },
        "permission": {
          "type": "Association",
          "relation": "ManyToOne",
          "target": "Permission"
        }
      },
      "primaryKey": [
        "role_id",
        "permission_id"
      ],
      "timestamps": true
    },
    "Team": {
      "name": "Team",
      "kind": "object",
      "hash": "cae85811509f3166e17ff5475da17f4931158d3c15ab3292369e4d11f88dbf95",
      "relativePath": "Team.yaml",
      "modifiedAt": "2026-01-19T14:42:23.783Z",
      "properties": {
        "console_team_id": {
          "type": "Uuid",
          "unique": true
        },
        "console_org_id": {
          "type": "Uuid"
        },
        "name": {
          "type": "String",
          "length": 100
        }
      },
      "idType": "Uuid",
      "timestamps": true,
      "softDelete": true,
      "indexes": [
        {
          "columns": [
            "console_org_id"
          ],
          "unique": false
        }
      ]
    },
    "TeamPermission": {
      "name": "TeamPermission",
      "kind": "object",
      "hash": "bda165f9694ae91dc1e968035a376bd6f2e11699ea8a81acefe3a9e785947edb",
      "relativePath": "TeamPermission.yaml",
      "modifiedAt": "2026-01-19T14:42:23.782Z",
      "properties": {
        "console_org_id": {
          "type": "Uuid"
        },
        "console_team_id": {
          "type": "Uuid"
        },
        "permission": {
          "type": "Association",
          "relation": "ManyToOne",
          "target": "Permission"
        }
      },
      "idType": "Uuid",
      "timestamps": true,
      "softDelete": true,
      "indexes": [
        {
          "columns": [
            "console_org_id",
            "console_team_id"
          ],
          "unique": false
        }
      ]
    },
    "User": {
      "name": "User",
      "kind": "object",
      "hash": "fbdf5d284423617ab2d5f00563b0dfc905f0fe9e7ad17d2a9faf488e994bfd84",
      "relativePath": "User.yaml",
      "modifiedAt": "2026-01-19T14:42:23.782Z",
      "properties": {
        "name": {
          "type": "String"
        },
        "email": {
          "type": "String",
          "unique": true
        },
        "console_user_id": {
          "type": "Uuid",
          "nullable": true,
          "unique": true
        },
        "console_access_token": {
          "type": "Text",
          "nullable": true
        },
        "console_refresh_token": {
          "type": "Text",
          "nullable": true
        },
        "console_token_expires_at": {
          "type": "Timestamp",
          "nullable": true
        },
        "roles": {
          "type": "Association",
          "relation": "ManyToMany",
          "target": "Role",
          "joinTable": "role_user"
        }
      },
      "idType": "Uuid",
      "timestamps": true
    }
  },
  "migrations": []
}
